
Microsoft Visual Studio Solution File, Format Version 12.00
# Visual Studio Version 17
VisualStudioVersion = 17.14.36327.8
MinimumVisualStudioVersion = 10.0.40219.1
Project("{FAE04EC0-301F-11D3-BF4B-00C04F79EFBC}") = "AssistApp", "AssistApp\AssistApp.csproj", "{75DFCBFE-2831-4636-83CC-16F7C81FC9D4}"
EndProject
Global
	GlobalSection(SolutionConfigurationPlatforms) = preSolution
		Debug|Any CPU = Debug|Any CPU
		Release|Any CPU = Release|Any CPU
	EndGlobalSection
	GlobalSection(ProjectConfigurationPlatforms) = postSolution
		{75DFCBFE-2831-4636-83CC-16F7C81FC9D4}.Debug|Any CPU.ActiveCfg = Debug|Any CPU
		{75DFCBFE-2831-4636-83CC-16F7C81FC9D4}.Debug|Any CPU.Build.0 = Debug|Any CPU
		{75DFCBFE-2831-4636-83CC-16F7C81FC9D4}.Release|Any CPU.ActiveCfg = Release|Any CPU
		{75DFCBFE-2831-4636-83CC-16F7C81FC9D4}.Release|Any CPU.Build.0 = Release|Any CPU
	EndGlobalSection
	GlobalSection(SolutionProperties) = preSolution
		HideSolutionNode = FALSE
	EndGlobalSection
	GlobalSection(ExtensibilityGlobals) = postSolution
		SolutionGuid = {76D2184C-8652-410E-ADA8-0C2E8E5ADE1E}
	EndGlobalSection
EndGlobal
